
Microsoft Visual Studio Solution File, Format Version 12.00
# Visual Studio Version 17
VisualStudioVersion = 17.4.33213.308
MinimumVisualStudioVersion = 10.0.40219.1
Project("{FAE04EC0-301F-11D3-BF4B-00C04F79EFBC}") = "ComicDownWpf", "ComicDownWpf\ComicDownWpf.csproj", "{52713A26-9CB7-463E-AEC3-D82E940E6B5E}"
	ProjectSection(ProjectDependencies) = postProject
		{06071206-9302-4B0C-960E-06089305ED2A} = {06071206-9302-4B0C-960E-06089305ED2A}
		{220837F4-31FF-4D05-A623-E36881E77663} = {220837F4-31FF-4D05-A623-E36881E77663}
		{757138D4-A047-4553-ABAC-EC4C824E015C} = {757138D4-A047-4553-ABAC-EC4C824E015C}
		{A9EAB3B5-7877-41FD-901C-C669AC58802B} = {A9EAB3B5-7877-41FD-901C-C669AC58802B}
		{BB2E1E61-AC54-43BC-BD90-F25FA0AA5C66} = {BB2E1E61-AC54-43BC-BD90-F25FA0AA5C66}
		{DDA8C4C3-403E-4F73-9FFD-D6770680992F} = {DDA8C4C3-403E-4F73-9FFD-D6770680992F}
		{F038F7D9-590C-448B-8901-B20EFB885F0F} = {F038F7D9-590C-448B-8901-B20EFB885F0F}
	EndProjectSection
EndProject
Project("{FAE04EC0-301F-11D3-BF4B-00C04F79EFBC}") = "ComicPlugin", "ComicPlugin\ComicPlugin.csproj", "{DDA8C4C3-403E-4F73-9FFD-D6770680992F}"
EndProject
Project("{FAE04EC0-301F-11D3-BF4B-00C04F79EFBC}") = "KuKuDongManParser", "KuKuDongManParser\KuKuDongManParser.csproj", "{F038F7D9-590C-448B-8901-B20EFB885F0F}"
	ProjectSection(ProjectDependencies) = postProject
		{DDA8C4C3-403E-4F73-9FFD-D6770680992F} = {DDA8C4C3-403E-4F73-9FFD-D6770680992F}
	EndProjectSection
EndProject
Project("{FAE04EC0-301F-11D3-BF4B-00C04F79EFBC}") = "MangaBzParser", "MangaBzParser\MangaBzParser.csproj", "{06071206-9302-4B0C-960E-06089305ED2A}"
EndProject
Project("{FAE04EC0-301F-11D3-BF4B-00C04F79EFBC}") = "ManhuaDBParser", "ManhuaDBParser\ManhuaDBParser.csproj", "{A9EAB3B5-7877-41FD-901C-C669AC58802B}"
EndProject
Project("{FAE04EC0-301F-11D3-BF4B-00C04F79EFBC}") = "JiuLingManHua", "JiuLingManHua\JiuLingManHua.csproj", "{220837F4-31FF-4D05-A623-E36881E77663}"
EndProject
Project("{FAE04EC0-301F-11D3-BF4B-00C04F79EFBC}") = "ComicDownTools", "ComicDownTools\ComicDownTools.csproj", "{1A4C62DF-5834-4232-88EF-6A996B58FBDD}"
EndProject
Project("{FAE04EC0-301F-11D3-BF4B-00C04F79EFBC}") = "XManHuaParser", "XManHuaParser\XManHuaParser.csproj", "{757138D4-A047-4553-ABAC-EC4C824E015C}"
EndProject
Project("{FAE04EC0-301F-11D3-BF4B-00C04F79EFBC}") = "CopyMangaParser", "CopyMangaParser\CopyMangaParser.csproj", "{BB2E1E61-AC54-43BC-BD90-F25FA0AA5C66}"
EndProject
Global
	GlobalSection(SolutionConfigurationPlatforms) = preSolution
		Debug|Any CPU = Debug|Any CPU
		Debug|x64 = Debug|x64
		Debug|x86 = Debug|x86
		Release|Any CPU = Release|Any CPU
		Release|x64 = Release|x64
		Release|x86 = Release|x86
	EndGlobalSection
	GlobalSection(ProjectConfigurationPlatforms) = postSolution
		{52713A26-9CB7-463E-AEC3-D82E940E6B5E}.Debug|Any CPU.ActiveCfg = Debug|Any CPU
		{52713A26-9CB7-463E-AEC3-D82E940E6B5E}.Debug|Any CPU.Build.0 = Debug|Any CPU
		{52713A26-9CB7-463E-AEC3-D82E940E6B5E}.Debug|x64.ActiveCfg = Debug|x64
		{52713A26-9CB7-463E-AEC3-D82E940E6B5E}.Debug|x64.Build.0 = Debug|x64
		{52713A26-9CB7-463E-AEC3-D82E940E6B5E}.Debug|x86.ActiveCfg = Debug|x86
		{52713A26-9CB7-463E-AEC3-D82E940E6B5E}.Debug|x86.Build.0 = Debug|x86
		{52713A26-9CB7-463E-AEC3-D82E940E6B5E}.Release|Any CPU.ActiveCfg = Release|Any CPU
		{52713A26-9CB7-463E-AEC3-D82E940E6B5E}.Release|Any CPU.Build.0 = Release|Any CPU
		{52713A26-9CB7-463E-AEC3-D82E940E6B5E}.Release|x64.ActiveCfg = Release|x64
		{52713A26-9CB7-463E-AEC3-D82E940E6B5E}.Release|x64.Build.0 = Release|x64
		{52713A26-9CB7-463E-AEC3-D82E940E6B5E}.Release|x86.ActiveCfg = Release|x86
		{52713A26-9CB7-463E-AEC3-D82E940E6B5E}.Release|x86.Build.0 = Release|x86
		{DDA8C4C3-403E-4F73-9FFD-D6770680992F}.Debug|Any CPU.ActiveCfg = Debug|Any CPU
		{DDA8C4C3-403E-4F73-9FFD-D6770680992F}.Debug|Any CPU.Build.0 = Debug|Any CPU
		{DDA8C4C3-403E-4F73-9FFD-D6770680992F}.Debug|x64.ActiveCfg = Debug|x64
		{DDA8C4C3-403E-4F73-9FFD-D6770680992F}.Debug|x64.Build.0 = Debug|x64
		{DDA8C4C3-403E-4F73-9FFD-D6770680992F}.Debug|x86.ActiveCfg = Debug|Any CPU
		{DDA8C4C3-403E-4F73-9FFD-D6770680992F}.Debug|x86.Build.0 = Debug|Any CPU
		{DDA8C4C3-403E-4F73-9FFD-D6770680992F}.Release|Any CPU.ActiveCfg = Release|Any CPU
		{DDA8C4C3-403E-4F73-9FFD-D6770680992F}.Release|Any CPU.Build.0 = Release|Any CPU
		{DDA8C4C3-403E-4F73-9FFD-D6770680992F}.Release|x64.ActiveCfg = Release|x64
		{DDA8C4C3-403E-4F73-9FFD-D6770680992F}.Release|x64.Build.0 = Release|x64
		{DDA8C4C3-403E-4F73-9FFD-D6770680992F}.Release|x86.ActiveCfg = Release|Any CPU
		{DDA8C4C3-403E-4F73-9FFD-D6770680992F}.Release|x86.Build.0 = Release|Any CPU
		{F038F7D9-590C-448B-8901-B20EFB885F0F}.Debug|Any CPU.ActiveCfg = Debug|Any CPU
		{F038F7D9-590C-448B-8901-B20EFB885F0F}.Debug|Any CPU.Build.0 = Debug|Any CPU
		{F038F7D9-590C-448B-8901-B20EFB885F0F}.Debug|x64.ActiveCfg = Debug|x64
		{F038F7D9-590C-448B-8901-B20EFB885F0F}.Debug|x64.Build.0 = Debug|x64
		{F038F7D9-590C-448B-8901-B20EFB885F0F}.Debug|x86.ActiveCfg = Debug|Any CPU
		{F038F7D9-590C-448B-8901-B20EFB885F0F}.Debug|x86.Build.0 = Debug|Any CPU
		{F038F7D9-590C-448B-8901-B20EFB885F0F}.Release|Any CPU.ActiveCfg = Release|Any CPU
		{F038F7D9-590C-448B-8901-B20EFB885F0F}.Release|Any CPU.Build.0 = Release|Any CPU
		{F038F7D9-590C-448B-8901-B20EFB885F0F}.Release|x64.ActiveCfg = Release|x64
		{F038F7D9-590C-448B-8901-B20EFB885F0F}.Release|x64.Build.0 = Release|x64
		{F038F7D9-590C-448B-8901-B20EFB885F0F}.Release|x86.ActiveCfg = Release|Any CPU
		{F038F7D9-590C-448B-8901-B20EFB885F0F}.Release|x86.Build.0 = Release|Any CPU
		{06071206-9302-4B0C-960E-06089305ED2A}.Debug|Any CPU.ActiveCfg = Debug|Any CPU
		{06071206-9302-4B0C-960E-06089305ED2A}.Debug|Any CPU.Build.0 = Debug|Any CPU
		{06071206-9302-4B0C-960E-06089305ED2A}.Debug|x64.ActiveCfg = Debug|x64
		{06071206-9302-4B0C-960E-06089305ED2A}.Debug|x64.Build.0 = Debug|x64
		{06071206-9302-4B0C-960E-06089305ED2A}.Debug|x86.ActiveCfg = Debug|Any CPU
		{06071206-9302-4B0C-960E-06089305ED2A}.Debug|x86.Build.0 = Debug|Any CPU
		{06071206-9302-4B0C-960E-06089305ED2A}.Release|Any CPU.ActiveCfg = Release|Any CPU
		{06071206-9302-4B0C-960E-06089305ED2A}.Release|Any CPU.Build.0 = Release|Any CPU
		{06071206-9302-4B0C-960E-06089305ED2A}.Release|x64.ActiveCfg = Release|x64
		{06071206-9302-4B0C-960E-06089305ED2A}.Release|x64.Build.0 = Release|x64
		{06071206-9302-4B0C-960E-06089305ED2A}.Release|x86.ActiveCfg = Release|Any CPU
		{06071206-9302-4B0C-960E-06089305ED2A}.Release|x86.Build.0 = Release|Any CPU
		{A9EAB3B5-7877-41FD-901C-C669AC58802B}.Debug|Any CPU.ActiveCfg = Debug|Any CPU
		{A9EAB3B5-7877-41FD-901C-C669AC58802B}.Debug|Any CPU.Build.0 = Debug|Any CPU
		{A9EAB3B5-7877-41FD-901C-C669AC58802B}.Debug|x64.ActiveCfg = Debug|x64
		{A9EAB3B5-7877-41FD-901C-C669AC58802B}.Debug|x64.Build.0 = Debug|x64
		{A9EAB3B5-7877-41FD-901C-C669AC58802B}.Debug|x86.ActiveCfg = Debug|Any CPU
		{A9EAB3B5-7877-41FD-901C-C669AC58802B}.Debug|x86.Build.0 = Debug|Any CPU
		{A9EAB3B5-7877-41FD-901C-C669AC58802B}.Release|Any CPU.ActiveCfg = Release|Any CPU
		{A9EAB3B5-7877-41FD-901C-C669AC58802B}.Release|Any CPU.Build.0 = Release|Any CPU
		{A9EAB3B5-7877-41FD-901C-C669AC58802B}.Release|x64.ActiveCfg = Release|x64
		{A9EAB3B5-7877-41FD-901C-C669AC58802B}.Release|x64.Build.0 = Release|x64
		{A9EAB3B5-7877-41FD-901C-C669AC58802B}.Release|x86.ActiveCfg = Release|Any CPU
		{A9EAB3B5-7877-41FD-901C-C669AC58802B}.Release|x86.Build.0 = Release|Any CPU
		{220837F4-31FF-4D05-A623-E36881E77663}.Debug|Any CPU.ActiveCfg = Debug|Any CPU
		{220837F4-31FF-4D05-A623-E36881E77663}.Debug|Any CPU.Build.0 = Debug|Any CPU
		{220837F4-31FF-4D05-A623-E36881E77663}.Debug|x64.ActiveCfg = Debug|Any CPU
		{220837F4-31FF-4D05-A623-E36881E77663}.Debug|x64.Build.0 = Debug|Any CPU
		{220837F4-31FF-4D05-A623-E36881E77663}.Debug|x86.ActiveCfg = Debug|Any CPU
		{220837F4-31FF-4D05-A623-E36881E77663}.Debug|x86.Build.0 = Debug|Any CPU
		{220837F4-31FF-4D05-A623-E36881E77663}.Release|Any CPU.ActiveCfg = Release|Any CPU
		{220837F4-31FF-4D05-A623-E36881E77663}.Release|Any CPU.Build.0 = Release|Any CPU
		{220837F4-31FF-4D05-A623-E36881E77663}.Release|x64.ActiveCfg = Release|Any CPU
		{220837F4-31FF-4D05-A623-E36881E77663}.Release|x64.Build.0 = Release|Any CPU
		{220837F4-31FF-4D05-A623-E36881E77663}.Release|x86.ActiveCfg = Release|Any CPU
		{220837F4-31FF-4D05-A623-E36881E77663}.Release|x86.Build.0 = Release|Any CPU
		{1A4C62DF-5834-4232-88EF-6A996B58FBDD}.Debug|Any CPU.ActiveCfg = Debug|Any CPU
		{1A4C62DF-5834-4232-88EF-6A996B58FBDD}.Debug|Any CPU.Build.0 = Debug|Any CPU
		{1A4C62DF-5834-4232-88EF-6A996B58FBDD}.Debug|x64.ActiveCfg = Debug|Any CPU
		{1A4C62DF-5834-4232-88EF-6A996B58FBDD}.Debug|x64.Build.0 = Debug|Any CPU
		{1A4C62DF-5834-4232-88EF-6A996B58FBDD}.Debug|x86.ActiveCfg = Debug|Any CPU
		{1A4C62DF-5834-4232-88EF-6A996B58FBDD}.Debug|x86.Build.0 = Debug|Any CPU
		{1A4C62DF-5834-4232-88EF-6A996B58FBDD}.Release|Any CPU.ActiveCfg = Release|Any CPU
		{1A4C62DF-5834-4232-88EF-6A996B58FBDD}.Release|Any CPU.Build.0 = Release|Any CPU
		{1A4C62DF-5834-4232-88EF-6A996B58FBDD}.Release|x64.ActiveCfg = Release|Any CPU
		{1A4C62DF-5834-4232-88EF-6A996B58FBDD}.Release|x64.Build.0 = Release|Any CPU
		{1A4C62DF-5834-4232-88EF-6A996B58FBDD}.Release|x86.ActiveCfg = Release|Any CPU
		{1A4C62DF-5834-4232-88EF-6A996B58FBDD}.Release|x86.Build.0 = Release|Any CPU
		{757138D4-A047-4553-ABAC-EC4C824E015C}.Debug|Any CPU.ActiveCfg = Debug|Any CPU
		{757138D4-A047-4553-ABAC-EC4C824E015C}.Debug|Any CPU.Build.0 = Debug|Any CPU
		{757138D4-A047-4553-ABAC-EC4C824E015C}.Debug|x64.ActiveCfg = Debug|Any CPU
		{757138D4-A047-4553-ABAC-EC4C824E015C}.Debug|x64.Build.0 = Debug|Any CPU
		{757138D4-A047-4553-ABAC-EC4C824E015C}.Debug|x86.ActiveCfg = Debug|Any CPU
		{757138D4-A047-4553-ABAC-EC4C824E015C}.Debug|x86.Build.0 = Debug|Any CPU
		{757138D4-A047-4553-ABAC-EC4C824E015C}.Release|Any CPU.ActiveCfg = Release|Any CPU
		{757138D4-A047-4553-ABAC-EC4C824E015C}.Release|Any CPU.Build.0 = Release|Any CPU
		{757138D4-A047-4553-ABAC-EC4C824E015C}.Release|x64.ActiveCfg = Release|Any CPU
		{757138D4-A047-4553-ABAC-EC4C824E015C}.Release|x64.Build.0 = Release|Any CPU
		{757138D4-A047-4553-ABAC-EC4C824E015C}.Release|x86.ActiveCfg = Release|Any CPU
		{757138D4-A047-4553-ABAC-EC4C824E015C}.Release|x86.Build.0 = Release|Any CPU
		{BB2E1E61-AC54-43BC-BD90-F25FA0AA5C66}.Debug|Any CPU.ActiveCfg = Debug|Any CPU
		{BB2E1E61-AC54-43BC-BD90-F25FA0AA5C66}.Debug|Any CPU.Build.0 = Debug|Any CPU
		{BB2E1E61-AC54-43BC-BD90-F25FA0AA5C66}.Debug|x64.ActiveCfg = Debug|Any CPU
		{BB2E1E61-AC54-43BC-BD90-F25FA0AA5C66}.Debug|x64.Build.0 = Debug|Any CPU
		{BB2E1E61-AC54-43BC-BD90-F25FA0AA5C66}.Debug|x86.ActiveCfg = Debug|Any CPU
		{BB2E1E61-AC54-43BC-BD90-F25FA0AA5C66}.Debug|x86.Build.0 = Debug|Any CPU
		{BB2E1E61-AC54-43BC-BD90-F25FA0AA5C66}.Release|Any CPU.ActiveCfg = Release|Any CPU
		{BB2E1E61-AC54-43BC-BD90-F25FA0AA5C66}.Release|Any CPU.Build.0 = Release|Any CPU
		{BB2E1E61-AC54-43BC-BD90-F25FA0AA5C66}.Release|x64.ActiveCfg = Release|Any CPU
		{BB2E1E61-AC54-43BC-BD90-F25FA0AA5C66}.Release|x64.Build.0 = Release|Any CPU
		{BB2E1E61-AC54-43BC-BD90-F25FA0AA5C66}.Release|x86.ActiveCfg = Release|Any CPU
		{BB2E1E61-AC54-43BC-BD90-F25FA0AA5C66}.Release|x86.Build.0 = Release|Any CPU
	EndGlobalSection
	GlobalSection(SolutionProperties) = preSolution
		HideSolutionNode = FALSE
	EndGlobalSection
	GlobalSection(ExtensibilityGlobals) = postSolution
		SolutionGuid = {1E2942CB-EFC6-46E7-8BDB-1DD8DD6BFEFB}
	EndGlobalSection
EndGlobal
